PREMAKE_VERSION=5.0.0-beta8
PREMAKE_WINDOWS_X86_64_URL=https://github.com/premake/premake-core/releases/download/v5.0.0-beta8/premake-5.0.0-beta8-windows.zip
PREMAKE_WINDOWS_X86_64_SHA256=e64ce2ed8778e0098f63674cca61fe33941b5f0c8d9a4afd651152bdea3758ab
PREMAKE_LINUX_X86_64_URL=https://github.com/premake/premake-core/releases/download/v5.0.0-beta8/premake-5.0.0-beta8-linux.tar.gz
PREMAKE_LINUX_X86_64_SHA256=63edd3e7461eebdd45b500a3c7e8ad4e7a67d68f230010f9a97cbb71b4ec59c8
PREMAKE_LINUX_ARM64_SOURCE_URL=https://github.com/premake/premake-core/archive/refs/tags/v5.0.0-beta8.tar.gz
PREMAKE_LINUX_ARM64_SOURCE_SHA256=2a55195fd2b27e5aa3de8ff6d22cdb127232a86f801d06e7f673d30a0eba09ac
PREMAKE_MACOS_X86_64_URL=https://github.com/premake/premake-core/releases/download/v5.0.0-beta8/premake-5.0.0-beta8-macosx-x64.tar.gz
PREMAKE_MACOS_X86_64_SHA256=84b5fa5a432dcebdc3dd12e8677d10e38e5b32a3fe06d83ae68967e4f5e2db8a
PREMAKE_MACOS_ARM64_URL=https://github.com/premake/premake-core/releases/download/v5.0.0-beta8/premake-5.0.0-beta8-macosx.tar.gz
PREMAKE_MACOS_ARM64_SHA256=fa73a46f093fa6f17494a3d063421aa6cae3ea825a61c62dd59fc2f07a256d03
HOMEBREW_INSTALL_COMMIT=c7952e40b7957268f61643152f4db725379b292e
HOMEBREW_INSTALL_URL=https://raw.githubusercontent.com/Homebrew/install/c7952e40b7957268f61643152f4db725379b292e/install.sh
HOMEBREW_INSTALL_SHA256=99287f194a8b3c9e6b0203a11a5fa54518be57209343e6bb954dec4635796d9d
SPDLOG_URL=https://github.com/gabime/spdlog.git
SPDLOG_TAG=v1.17.0
SPDLOG_COMMIT=79524ddd08a4ec981b7fea76afd08ee05f83755d
DOCTEST_URL=https://github.com/doctest/doctest.git
DOCTEST_TAG=v2.5.3
DOCTEST_COMMIT=2d0a9359a60c51affe2a9bebb1be1dca47868151
SDL_URL=https://github.com/libsdl-org/SDL.git
SDL_TAG=release-3.4.10
SDL_COMMIT=8e37db5e797b6167f3a00d697d816a684bd259c7
JSON_URL=https://github.com/nlohmann/json.git
JSON_TAG=v3.12.0
JSON_COMMIT=55f93686c01528224f448c19128836e7df245f72
