PREMAKE_VERSION=5.0.0-beta8
PREMAKE_WINDOWS_X86_64_URL=https://github.com/premake/premake-core/releases/download/v5.0.0-beta8/premake-5.0.0-beta8-windows.zip
PREMAKE_WINDOWS_X86_64_SHA256=e64ce2ed8778e0098f63674cca61fe33941b5f0c8d9a4afd651152bdea3758ab
PREMAKE_LINUX_X86_64_URL=https://github.com/premake/premake-core/releases/download/v5.0.0-beta8/premake-5.0.0-beta8-linux.tar.gz
PREMAKE_LINUX_X86_64_SHA256=63edd3e7461eebdd45b500a3c7e8ad4e7a67d68f230010f9a97cbb71b4ec59c8
PREMAKE_LINUX_SOURCE_URL=https://github.com/premake/premake-core/archive/refs/tags/v5.0.0-beta8.tar.gz
PREMAKE_LINUX_SOURCE_SHA256=2a55195fd2b27e5aa3de8ff6d22cdb127232a86f801d06e7f673d30a0eba09ac
CMAKE_VERSION=3.31.12
CMAKE_LINUX_X86_64_URL=https://github.com/Kitware/CMake/releases/download/v3.31.12/cmake-3.31.12-linux-x86_64.tar.gz
CMAKE_LINUX_X86_64_SHA256=0dc2e9a6860f06bf10bd8fadc03e35d9eeb4df46e33763a7e480e987758f385c
CMAKE_LINUX_ARM64_URL=https://github.com/Kitware/CMake/releases/download/v3.31.12/cmake-3.31.12-linux-aarch64.tar.gz
CMAKE_LINUX_ARM64_SHA256=83f8fd91d2038a56556e1400390fcfe42f79602940c494f6c6f1cdae7f9e7f40
NINJA_VERSION=1.13.2
NINJA_SOURCE_URL=https://github.com/ninja-build/ninja/archive/refs/tags/v1.13.2.tar.gz
NINJA_SOURCE_SHA256=974d6b2f4eeefa25625d34da3cb36bdcebe7fbce40f4c16ac0835fd1c0cbae17
NASM_VERSION=3.02
NASM_SOURCE_URL=https://www.nasm.us/pub/nasm/releasebuilds/3.02/nasm-3.02.tar.gz
NASM_SOURCE_SHA256=f504227b2f529e658d41629075f0503b38d67d790af345f34eba4af60c6a5998
PATCHELF_VERSION=0.18.0
PATCHELF_SOURCE_URL=https://github.com/NixOS/patchelf/releases/download/0.18.0/patchelf-0.18.0.tar.gz
PATCHELF_SOURCE_SHA256=64de10e4c6b8b8379db7e87f58030f336ea747c0515f381132e810dbf84a86e7
PREMAKE_MACOS_X86_64_URL=https://github.com/premake/premake-core/releases/download/v5.0.0-beta8/premake-5.0.0-beta8-macosx-x64.tar.gz
PREMAKE_MACOS_X86_64_SHA256=84b5fa5a432dcebdc3dd12e8677d10e38e5b32a3fe06d83ae68967e4f5e2db8a
PREMAKE_MACOS_ARM64_URL=https://github.com/premake/premake-core/releases/download/v5.0.0-beta8/premake-5.0.0-beta8-macosx.tar.gz
PREMAKE_MACOS_ARM64_SHA256=fa73a46f093fa6f17494a3d063421aa6cae3ea825a61c62dd59fc2f07a256d03
HOMEBREW_INSTALL_COMMIT=c7952e40b7957268f61643152f4db725379b292e
HOMEBREW_INSTALL_URL=https://raw.githubusercontent.com/Homebrew/install/c7952e40b7957268f61643152f4db725379b292e/install.sh
HOMEBREW_INSTALL_SHA256=99287f194a8b3c9e6b0203a11a5fa54518be57209343e6bb954dec4635796d9d
SPDLOG_URL=https://github.com/gabime/spdlog.git
SPDLOG_TAG=v1.17.0
SPDLOG_COMMIT=79524ddd08a4ec981b7fea76afd08ee05f83755d
DOCTEST_URL=https://github.com/doctest/doctest.git
DOCTEST_TAG=v2.5.3
DOCTEST_COMMIT=2d0a9359a60c51affe2a9bebb1be1dca47868151
SDL_URL=https://github.com/libsdl-org/SDL.git
SDL_TAG=release-3.4.10
SDL_COMMIT=8e37db5e797b6167f3a00d697d816a684bd259c7
JSON_URL=https://github.com/nlohmann/json.git
JSON_TAG=v3.12.0
JSON_COMMIT=55f93686c01528224f448c19128836e7df245f72
IMGUI_URL=https://github.com/ocornut/imgui.git
IMGUI_TAG=v1.92.8-docking
IMGUI_COMMIT=b61e56346a92cfcaf1f43a545ca37b0b32239654
ZSTD_URL=https://github.com/facebook/zstd.git
ZSTD_TAG=v1.5.7
ZSTD_COMMIT=f8745da6ff1ad1e7bab384bd1f9d742439278e99
ENTT_URL=https://github.com/skypjack/entt.git
ENTT_TAG=v3.16.0
ENTT_COMMIT=b4e58bdd364ad72246c123a0c28538eab3252672
GLM_URL=https://github.com/g-truc/glm.git
GLM_TAG=1.0.3
GLM_COMMIT=8d1fd52e5ab5590e2c81768ace50c72bae28f2ed
SDL_SHADERCROSS_URL=https://github.com/libsdl-org/SDL_shadercross.git
SDL_SHADERCROSS_TAG=e55cf5e31ced6f3d1be5cc6d0c50e99384f9f4ba
SDL_SHADERCROSS_COMMIT=e55cf5e31ced6f3d1be5cc6d0c50e99384f9f4ba
SDL_SHADERCROSS_DXC_COMMIT=2c84a1c5ab7091608c97df6ba5ccf46e71c322eb
SDL_SHADERCROSS_SPIRV_CROSS_COMMIT=1a6169566c73d3da552748fc372fe2bbb856e46e
SDL_SHADERCROSS_SPIRV_HEADERS_COMMIT=ad9184e76a66b1001c29db9b0a3e87f646c64de0
SDL_SHADERCROSS_SPIRV_TOOLS_COMMIT=0539c81f69a3daeb706fd3477dca61435b475156
ASSIMP_URL=https://github.com/assimp/assimp.git
ASSIMP_TAG=v6.0.5
ASSIMP_COMMIT=392a658f9c271be965271f45e7521a1b80ea4392
STB_URL=https://github.com/nothings/stb.git
STB_TAG=31c1ad37456438565541f4919958214b6e762fb4
STB_COMMIT=31c1ad37456438565541f4919958214b6e762fb4
CORAL_URL=https://github.com/StudioCherno/Coral.git
CORAL_TAG=d53b2685725f7535bc4d1deaa8a22bf16d112fe2
CORAL_COMMIT=d53b2685725f7535bc4d1deaa8a22bf16d112fe2
JOLT_URL=https://github.com/jrouwe/JoltPhysics.git
JOLT_TAG=v5.6.0
JOLT_COMMIT=e77f175595e64cb44218cc9d9d56fc365ad0e36a
MINIAUDIO_URL=https://github.com/mackron/miniaudio.git
MINIAUDIO_TAG=0.11.25
MINIAUDIO_COMMIT=9634bedb5b5a2ca38c1ee7108a9358a4e233f14d
LIBSODIUM_URL=https://github.com/jedisct1/libsodium.git
LIBSODIUM_TAG=1.0.22
LIBSODIUM_COMMIT=77e1ce5d6dee871c49ef211222ba18ef0c486bda
FFMPEG_URL=https://git.ffmpeg.org/ffmpeg.git
FFMPEG_TAG=n8.1.2
FFMPEG_TAG_OBJECT=1c2c67c0b9f7f66ab32c19dcf7f227bcd290aa4c
FFMPEG_COMMIT=38b88335f99e76ed89ff3c93f877fdefce736c13
RECAST_URL=https://github.com/recastnavigation/recastnavigation.git
RECAST_TAG=v1.6.0
RECAST_TAG_OBJECT=b4554541b658630816dba41466eb1cefb624519e
RECAST_COMMIT=6dc1667f580357e8a2154c28b7867bea7e8ad3a7
DOTNET_TARGET_FRAMEWORK=net10.0
DOTNET_RUNTIME_VERSION=10.0
DOTNET_SDK_VERSION=10.0.302
DOTNET_LINUX_X86_64_URL=https://builds.dotnet.microsoft.com/dotnet/Sdk/10.0.302/dotnet-sdk-10.0.302-linux-x64.tar.gz
DOTNET_LINUX_X86_64_SHA512=10069bec8783596484a610332f090d562802a41b9b40e3327a5a5688b572e10c296ae300f940d40461f23c157ed1b0843c2f8e6b3f20d8d8d9d83432d8143bac
DOTNET_LINUX_ARM64_URL=https://builds.dotnet.microsoft.com/dotnet/Sdk/10.0.302/dotnet-sdk-10.0.302-linux-arm64.tar.gz
DOTNET_LINUX_ARM64_SHA512=9e409c14e00686d661c78fa4dd9ad0e4dcf695c328bd5ff777d05b4a9c34b42cf89b12573b92e9fb2f565dbe12016b4835f77c7d9a42b55a7494df21634cd5d6
MACOS_DEPLOYMENT_TARGET=12.0
